
Microsoft Visual Studio Solution File, Format Version 12.00
# Visual Studio Version 16
VisualStudioVersion = 16.0.30621.155
MinimumVisualStudioVersion = 10.0.40219.1
Project("{9A19103F-16F7-4668-BE54-9A1E7A4F7556}") = "OE", "APIPetroarsa\OE.csproj", "{24A29A8B-F6FD-415E-878D-C88B092A99E6}"
EndProject
Global
	GlobalSection(SolutionConfigurationPlatforms) = preSolution
		Debug|Any CPU = Debug|Any CPU
		Release|Any CPU = Release|Any CPU
	EndGlobalSection
	GlobalSection(ProjectConfigurationPlatforms) = postSolution
		{24A29A8B-F6FD-415E-878D-C88B092A99E6}.Debug|Any CPU.ActiveCfg = Debug|Any CPU
		{24A29A8B-F6FD-415E-878D-C88B092A99E6}.Debug|Any CPU.Build.0 = Debug|Any CPU
		{24A29A8B-F6FD-415E-878D-C88B092A99E6}.Release|Any CPU.ActiveCfg = Release|Any CPU
		{24A29A8B-F6FD-415E-878D-C88B092A99E6}.Release|Any CPU.Build.0 = Release|Any CPU
	EndGlobalSection
	GlobalSection(SolutionProperties) = preSolution
		HideSolutionNode = FALSE
	EndGlobalSection
	GlobalSection(ExtensibilityGlobals) = postSolution
		SolutionGuid = {48B68C24-FD5E-4A06-BEB2-FFA0EE36F040}
	EndGlobalSection
EndGlobal
